
Microsoft Visual Studio Solution File, Format Version 12.00
Project("{FAE04EC0-301F-11D3-BF4B-00C04F79EFBC}") = "RxTests", "RxTests\RxTests.csproj", "{369EF485-0CF7-4F3A-88B2-91BBE15D45AA}"
EndProject
Project("{FAE04EC0-301F-11D3-BF4B-00C04F79EFBC}") = "Logic", "Logic\Logic.csproj", "{4E13C2B4-D45D-4CB5-AE84-F01C4BC43087}"
EndProject
Global
	GlobalSection(SolutionConfigurationPlatforms) = preSolution
		Debug|Any CPU = Debug|Any CPU
		Release|Any CPU = Release|Any CPU
	EndGlobalSection
	GlobalSection(ProjectConfigurationPlatforms) = postSolution
		{369EF485-0CF7-4F3A-88B2-91BBE15D45AA}.Debug|Any CPU.ActiveCfg = Debug|Any CPU
		{369EF485-0CF7-4F3A-88B2-91BBE15D45AA}.Debug|Any CPU.Build.0 = Debug|Any CPU
		{369EF485-0CF7-4F3A-88B2-91BBE15D45AA}.Release|Any CPU.ActiveCfg = Release|Any CPU
		{369EF485-0CF7-4F3A-88B2-91BBE15D45AA}.Release|Any CPU.Build.0 = Release|Any CPU
		{4E13C2B4-D45D-4CB5-AE84-F01C4BC43087}.Debug|Any CPU.ActiveCfg = Debug|Any CPU
		{4E13C2B4-D45D-4CB5-AE84-F01C4BC43087}.Debug|Any CPU.Build.0 = Debug|Any CPU
		{4E13C2B4-D45D-4CB5-AE84-F01C4BC43087}.Release|Any CPU.ActiveCfg = Release|Any CPU
		{4E13C2B4-D45D-4CB5-AE84-F01C4BC43087}.Release|Any CPU.Build.0 = Release|Any CPU
	EndGlobalSection
EndGlobal
